
Microsoft Visual Studio Solution File, Format Version 12.00
# Visual Studio 15
VisualStudioVersion = 15.0.28010.2046
MinimumVisualStudioVersion = 10.0.40219.1
Project("{FAE04EC0-301F-11D3-BF4B-00C04F79EFBC}") = "Task1", "Task1\Task1.csproj", "{C749FCF5-2597-4FC4-A2B0-C54B6297F17E}"
EndProject
Global
	GlobalSection(SolutionConfigurationPlatforms) = preSolution
		Debug|Any CPU = Debug|Any CPU
		Release|Any CPU = Release|Any CPU
	EndGlobalSection
	GlobalSection(ProjectConfigurationPlatforms) = postSolution
		{C749FCF5-2597-4FC4-A2B0-C54B6297F17E}.Debug|Any CPU.ActiveCfg = Debug|Any CPU
		{C749FCF5-2597-4FC4-A2B0-C54B6297F17E}.Debug|Any CPU.Build.0 = Debug|Any CPU
		{C749FCF5-2597-4FC4-A2B0-C54B6297F17E}.Release|Any CPU.ActiveCfg = Release|Any CPU
		{C749FCF5-2597-4FC4-A2B0-C54B6297F17E}.Release|Any CPU.Build.0 = Release|Any CPU
	EndGlobalSection
	GlobalSection(SolutionProperties) = preSolution
		HideSolutionNode = FALSE
	EndGlobalSection
	GlobalSection(ExtensibilityGlobals) = postSolution
		SolutionGuid = {0169BBA1-C78D-4799-A29B-283237B7D728}
	EndGlobalSection
EndGlobal
